// !$*UTF8*$!
{
	archiveVersion = 1;
	classes = {
	};
	objectVersion = 50;
	objects = {

/* Begin PBXBuildFile section */
		F2E59BE622A4CF8E005B9C3C /* AppDelegate.swift in Sources */ = {isa = PBXBuildFile; fileRef = F2E59BE522A4CF8E005B9C3C /* AppDelegate.swift */; };
		F2E59BE922A4CF8E005B9C3C /* Renderer.swift in Sources */ = {isa = PBXBuildFile; fileRef = F2E59BE822A4CF8E005B9C3C /* Renderer.swift */; };
		F2E59BEB22A4CF8E005B9C3C /* GameViewController.swift in Sources */ = {isa = PBXBuildFile; fileRef = F2E59BEA22A4CF8E005B9C3C /* GameViewController.swift */; };
		F2E59BED22A4CF8E005B9C3C /* Shaders.metal in Sources */ = {isa = PBXBuildFile; fileRef = F2E59BEC22A4CF8E005B9C3C /* Shaders.metal */; };
		F2E59BF022A4CF8E005B9C3C /* Main.storyboard in Resources */ = {isa = PBXBuildFile; fileRef = F2E59BEE22A4CF8E005B9C3C /* Main.storyboard */; };
		F2E59BF222A4CF8F005B9C3C /* Assets.xcassets in Resources */ = {isa = PBXBuildFile; fileRef = F2E59BF122A4CF8F005B9C3C /* Assets.xcassets */; };
		F2E59BF522A4CF8F005B9C3C /* LaunchScreen.storyboard in Resources */ = {isa = PBXBuildFile; fileRef = F2E59BF322A4CF8F005B9C3C /* LaunchScreen.storyboard */; };
		F2E59C0022A4CF8F005B9C3C /* fuckthepoliceTests.swift in Sources */ = {isa = PBXBuildFile; fileRef = F2E59BFF22A4CF8F005B9C3C /* fuckthepoliceTests.swift */; };
/* End PBXBuildFile section */

/* Begin PBXContainerItemProxy section */
		F2E59BFC22A4CF8F005B9C3C /* PBXContainerItemProxy */ = {
			isa = PBXContainerItemProxy;
			containerPortal = F2E59BDA22A4CF8E005B9C3C /* Project object */;
			proxyType = 1;
			remoteGlobalIDString = F2E59BE122A4CF8E005B9C3C;
			remoteInfo = fuckthepolice;
		};
/* End PBXContainerItemProxy section */

/* Begin PBXFileReference section */
		F2E59BE222A4CF8E005B9C3C /* fuckthepolice.app */ = {isa = PBXFileReference; explicitFileType = wrapper.application; includeInIndex = 0; path = fuckthepolice.app; sourceTree = BUILT_PRODUCTS_DIR; };
		F2E59BE522A4CF8E005B9C3C /* AppDelegate.swift */ = {isa = PBXFileReference; lastKnownFileType = sourcecode.swift; path = AppDelegate.swift; sourceTree = "<group>"; };
		F2E59BE722A4CF8E005B9C3C /* ShaderTypes.h */ = {isa = PBXFileReference; lastKnownFileType = sourcecode.c.h; path = ShaderTypes.h; sourceTree = "<group>"; };
		F2E59BE822A4CF8E005B9C3C /* Renderer.swift */ = {isa = PBXFileReference; lastKnownFileType = sourcecode.swift; path = Renderer.swift; sourceTree = "<group>"; };
		F2E59BEA22A4CF8E005B9C3C /* GameViewController.swift */ = {isa = PBXFileReference; lastKnownFileType = sourcecode.swift; path = GameViewController.swift; sourceTree = "<group>"; };
		F2E59BEC22A4CF8E005B9C3C /* Shaders.metal */ = {isa = PBXFileReference; lastKnownFileType = sourcecode.metal; path = Shaders.metal; sourceTree = "<group>"; };
		F2E59BEF22A4CF8E005B9C3C /* Base */ = {isa = PBXFileReference; lastKnownFileType = file.storyboard; name = Base; path = Base.lproj/Main.storyboard; sourceTree = "<group>"; };
		F2E59BF122A4CF8F005B9C3C /* Assets.xcassets */ = {isa = PBXFileReference; lastKnownFileType = folder.assetcatalog; path = Assets.xcassets; sourceTree = "<group>"; };
		F2E59BF422A4CF8F005B9C3C /* Base */ = {isa = PBXFileReference; lastKnownFileType = file.storyboard; name = Base; path = Base.lproj/LaunchScreen.storyboard; sourceTree = "<group>"; };
		F2E59BF622A4CF8F005B9C3C /* Info.plist */ = {isa = PBXFileReference; lastKnownFileType = text.plist.xml; path = Info.plist; sourceTree = "<group>"; };
		F2E59BFB22A4CF8F005B9C3C /* fuckthepoliceTests.xctest */ = {isa = PBXFileReference; explicitFileType = wrapper.cfbundle; includeInIndex = 0; path = fuckthepoliceTests.xctest; sourceTree = BUILT_PRODUCTS_DIR; };
		F2E59BFF22A4CF8F005B9C3C /* fuckthepoliceTests.swift */ = {isa = PBXFileReference; lastKnownFileType = sourcecode.swift; path = fuckthepoliceTests.swift; sourceTree = "<group>"; };
		F2E59C0122A4CF8F005B9C3C /* Info.plist */ = {isa = PBXFileReference; lastKnownFileType = text.plist.xml; path = Info.plist; sourceTree = "<group>"; };
/* End PBXFileReference section */

/* Begin PBXFrameworksBuildPhase section */
		F2E59BDF22A4CF8E005B9C3C /* Frameworks */ = {
			isa = PBXFrameworksBuildPhase;
			buildActionMask = 2147483647;
			files = (
			);
			runOnlyForDeploymentPostprocessing = 0;
		};
		F2E59BF822A4CF8F005B9C3C /* Frameworks */ = {
			isa = PBXFrameworksBuildPhase;
			buildActionMask = 2147483647;
			files = (
			);
			runOnlyForDeploymentPostprocessing = 0;
		};
/* End PBXFrameworksBuildPhase section */

/* Begin PBXGroup section */
		F2E59BD922A4CF8E005B9C3C = {
			isa = PBXGroup;
			children = (
				F2E59BE422A4CF8E005B9C3C /* fuckthepolice */,
				F2E59BFE22A4CF8F005B9C3C /* fuckthepoliceTests */,
				F2E59BE322A4CF8E005B9C3C /* Products */,
			);
			sourceTree = "<group>";
		};
		F2E59BE322A4CF8E005B9C3C /* Products */ = {
			isa = PBXGroup;
			children = (
				F2E59BE222A4CF8E005B9C3C /* fuckthepolice.app */,
				F2E59BFB22A4CF8F005B9C3C /* fuckthepoliceTests.xctest */,
			);
			name = Products;
			sourceTree = "<group>";
		};
		F2E59BE422A4CF8E005B9C3C /* fuckthepolice */ = {
			isa = PBXGroup;
			children = (
				F2E59BE522A4CF8E005B9C3C /* AppDelegate.swift */,
				F2E59BE722A4CF8E005B9C3C /* ShaderTypes.h */,
				F2E59BE822A4CF8E005B9C3C /* Renderer.swift */,
				F2E59BEA22A4CF8E005B9C3C /* GameViewController.swift */,
				F2E59BEC22A4CF8E005B9C3C /* Shaders.metal */,
				F2E59BEE22A4CF8E005B9C3C /* Main.storyboard */,
				F2E59BF122A4CF8F005B9C3C /* Assets.xcassets */,
				F2E59BF322A4CF8F005B9C3C /* LaunchScreen.storyboard */,
				F2E59BF622A4CF8F005B9C3C /* Info.plist */,
			);
			path = fuckthepolice;
			sourceTree = "<group>";
		};
		F2E59BFE22A4CF8F005B9C3C /* fuckthepoliceTests */ = {
			isa = PBXGroup;
			children = (
				F2E59BFF22A4CF8F005B9C3C /* fuckthepoliceTests.swift */,
				F2E59C0122A4CF8F005B9C3C /* Info.plist */,
			);
			path = fuckthepoliceTests;
			sourceTree = "<group>";
		};
/* End PBXGroup section */

/* Begin PBXNativeTarget section */
		F2E59BE122A4CF8E005B9C3C /* fuckthepolice */ = {
			isa = PBXNativeTarget;
			buildConfigurationList = F2E59C0422A4CF8F005B9C3C /* Build configuration list for PBXNativeTarget "fuckthepolice" */;
			buildPhases = (
				F2E59BDE22A4CF8E005B9C3C /* Sources */,
				F2E59BDF22A4CF8E005B9C3C /* Frameworks */,
				F2E59BE022A4CF8E005B9C3C /* Resources */,
			);
			buildRules = (
			);
			dependencies = (
			);
			name = fuckthepolice;
			productName = fuckthepolice;
			productReference = F2E59BE222A4CF8E005B9C3C /* fuckthepolice.app */;
			productType = "com.apple.product-type.application";
		};
		F2E59BFA22A4CF8F005B9C3C /* fuckthepoliceTests */ = {
			isa = PBXNativeTarget;
			buildConfigurationList = F2E59C0722A4CF8F005B9C3C /* Build configuration list for PBXNativeTarget "fuckthepoliceTests" */;
			buildPhases = (
				F2E59BF722A4CF8F005B9C3C /* Sources */,
				F2E59BF822A4CF8F005B9C3C /* Frameworks */,
				F2E59BF922A4CF8F005B9C3C /* Resources */,
			);
			buildRules = (
			);
			dependencies = (
				F2E59BFD22A4CF8F005B9C3C /* PBXTargetDependency */,
			);
			name = fuckthepoliceTests;
			productName = fuckthepoliceTests;
			productReference = F2E59BFB22A4CF8F005B9C3C /* fuckthepoliceTests.xctest */;
			productType = "com.apple.product-type.bundle.unit-test";
		};
/* End PBXNativeTarget section */

/* Begin PBXProject section */
		F2E59BDA22A4CF8E005B9C3C /* Project object */ = {
			isa = PBXProject;
			attributes = {
				LastSwiftUpdateCheck = 1020;
				LastUpgradeCheck = 1020;
				ORGANIZATIONNAME = "Cristobal Sciutto";
				TargetAttributes = {
					F2E59BE122A4CF8E005B9C3C = {
						CreatedOnToolsVersion = 10.2.1;
					};
					F2E59BFA22A4CF8F005B9C3C = {
						CreatedOnToolsVersion = 10.2.1;
						TestTargetID = F2E59BE122A4CF8E005B9C3C;
					};
				};
			};
			buildConfigurationList = F2E59BDD22A4CF8E005B9C3C /* Build configuration list for PBXProject "fuckthepolice" */;
			compatibilityVersion = "Xcode 9.3";
			developmentRegion = en;
			hasScannedForEncodings = 0;
			knownRegions = (
				en,
				Base,
			);
			mainGroup = F2E59BD922A4CF8E005B9C3C;
			productRefGroup = F2E59BE322A4CF8E005B9C3C /* Products */;
			projectDirPath = "";
			projectRoot = "";
			targets = (
				F2E59BE122A4CF8E005B9C3C /* fuckthepolice */,
				F2E59BFA22A4CF8F005B9C3C /* fuckthepoliceTests */,
			);
		};
/* End PBXProject section */

/* Begin PBXResourcesBuildPhase section */
		F2E59BE022A4CF8E005B9C3C /* Resources */ = {
			isa = PBXResourcesBuildPhase;
			buildActionMask = 2147483647;
			files = (
				F2E59BF522A4CF8F005B9C3C /* LaunchScreen.storyboard in Resources */,
				F2E59BF222A4CF8F005B9C3C /* Assets.xcassets in Resources */,
				F2E59BF022A4CF8E005B9C3C /* Main.storyboard in Resources */,
			);
			runOnlyForDeploymentPostprocessing = 0;
		};
		F2E59BF922A4CF8F005B9C3C /* Resources */ = {
			isa = PBXResourcesBuildPhase;
			buildActionMask = 2147483647;
			files = (
			);
			runOnlyForDeploymentPostprocessing = 0;
		};
/* End PBXResourcesBuildPhase section */

/* Begin PBXSourcesBuildPhase section */
		F2E59BDE22A4CF8E005B9C3C /* Sources */ = {
			isa = PBXSourcesBuildPhase;
			buildActionMask = 2147483647;
			files = (
				F2E59BED22A4CF8E005B9C3C /* Shaders.metal in Sources */,
				F2E59BE922A4CF8E005B9C3C /* Renderer.swift in Sources */,
				F2E59BEB22A4CF8E005B9C3C /* GameViewController.swift in Sources */,
				F2E59BE622A4CF8E005B9C3C /* AppDelegate.swift in Sources */,
			);
			runOnlyForDeploymentPostprocessing = 0;
		};
		F2E59BF722A4CF8F005B9C3C /* Sources */ = {
			isa = PBXSourcesBuildPhase;
			buildActionMask = 2147483647;
			files = (
				F2E59C0022A4CF8F005B9C3C /* fuckthepoliceTests.swift in Sources */,
			);
			runOnlyForDeploymentPostprocessing = 0;
		};
/* End PBXSourcesBuildPhase section */

/* Begin PBXTargetDependency section */
		F2E59BFD22A4CF8F005B9C3C /* PBXTargetDependency */ = {
			isa = PBXTargetDependency;
			target = F2E59BE122A4CF8E005B9C3C /* fuckthepolice */;
			targetProxy = F2E59BFC22A4CF8F005B9C3C /* PBXContainerItemProxy */;
		};
/* End PBXTargetDependency section */

/* Begin PBXVariantGroup section */
		F2E59BEE22A4CF8E005B9C3C /* Main.storyboard */ = {
			isa = PBXVariantGroup;
			children = (
				F2E59BEF22A4CF8E005B9C3C /* Base */,
			);
			name = Main.storyboard;
			sourceTree = "<group>";
		};
		F2E59BF322A4CF8F005B9C3C /* LaunchScreen.storyboard */ = {
			isa = PBXVariantGroup;
			children = (
				F2E59BF422A4CF8F005B9C3C /* Base */,
			);
			name = LaunchScreen.storyboard;
			sourceTree = "<group>";
		};
/* End PBXVariantGroup section */

/* Begin XCBuildConfiguration section */
		F2E59C0222A4CF8F005B9C3C /* Debug */ = {
			isa = XCBuildConfiguration;
			buildSettings = {
				ALWAYS_SEARCH_USER_PATHS = NO;
				CLANG_ANALYZER_NONNULL = YES;
				CLANG_ANALYZER_NUMBER_OBJECT_CONVERSION = YES_AGGRESSIVE;
				CLANG_CXX_LANGUAGE_STANDARD = "gnu++14";
				CLANG_CXX_LIBRARY = "libc++";
				CLANG_ENABLE_MODULES = YES;
				CLANG_ENABLE_OBJC_ARC = YES;
				CLANG_ENABLE_OBJC_WEAK = YES;
				CLANG_WARN_BLOCK_CAPTURE_AUTORELEASING = YES;
				CLANG_WARN_BOOL_CONVERSION = YES;
				CLANG_WARN_COMMA = YES;
				CLANG_WARN_CONSTANT_CONVERSION = YES;
				CLANG_WARN_DEPRECATED_OBJC_IMPLEMENTATIONS = YES;
				CLANG_WARN_DIRECT_OBJC_ISA_USAGE = YES_ERROR;
				CLANG_WARN_DOCUMENTATION_COMMENTS = YES;
				CLANG_WARN_EMPTY_BODY = YES;
				CLANG_WARN_ENUM_CONVERSION = YES;
				CLANG_WARN_INFINITE_RECURSION = YES;
				CLANG_WARN_INT_CONVERSION = YES;
				CLANG_WARN_NON_LITERAL_NULL_CONVERSION = YES;
				CLANG_WARN_OBJC_IMPLICIT_RETAIN_SELF = YES;
				CLANG_WARN_OBJC_LITERAL_CONVERSION = YES;
				CLANG_WARN_OBJC_ROOT_CLASS = YES_ERROR;
				CLANG_WARN_RANGE_LOOP_ANALYSIS = YES;
				CLANG_WARN_STRICT_PROTOTYPES = YES;
				CLANG_WARN_SUSPICIOUS_MOVE = YES;
				CLANG_WARN_UNGUARDED_AVAILABILITY = YES_AGGRESSIVE;
				CLANG_WARN_UNREACHABLE_CODE = YES;
				CLANG_WARN__DUPLICATE_METHOD_MATCH = YES;
				CODE_SIGN_IDENTITY = "iPhone Developer";
				COPY_PHASE_STRIP = NO;
				DEBUG_INFORMATION_FORMAT = dwarf;
				ENABLE_STRICT_OBJC_MSGSEND = YES;
				ENABLE_TESTABILITY = YES;
				GCC_C_LANGUAGE_STANDARD = gnu11;
				GCC_DYNAMIC_NO_PIC = NO;
				GCC_NO_COMMON_BLOCKS = YES;
				GCC_OPTIMIZATION_LEVEL = 0;
				GCC_PREPROCESSOR_DEFINITIONS = (
					"DEBUG=1",
					"$(inherited)",
				);
				GCC_WARN_64_TO_32_BIT_CONVERSION = YES;
				GCC_WARN_ABOUT_RETURN_TYPE = YES_ERROR;
				GCC_WARN_UNDECLARED_SELECTOR = YES;
				GCC_WARN_UNINITIALIZED_AUTOS = YES_AGGRESSIVE;
				GCC_WARN_UNUSED_FUNCTION = YES;
				GCC_WARN_UNUSED_VARIABLE = YES;
				IPHONEOS_DEPLOYMENT_TARGET = 12.2;
				MTL_ENABLE_DEBUG_INFO = INCLUDE_SOURCE;
				MTL_FAST_MATH = YES;
				ONLY_ACTIVE_ARCH = YES;
				SDKROOT = iphoneos;
				SWIFT_ACTIVE_COMPILATION_CONDITIONS = DEBUG;
				SWIFT_OPTIMIZATION_LEVEL = "-Onone";
			};
			name = Debug;
		};
		F2E59C0322A4CF8F005B9C3C /* Release */ = {
			isa = XCBuildConfiguration;
			buildSettings = {
				ALWAYS_SEARCH_USER_PATHS = NO;
				CLANG_ANALYZER_NONNULL = YES;
				CLANG_ANALYZER_NUMBER_OBJECT_CONVERSION = YES_AGGRESSIVE;
				CLANG_CXX_LANGUAGE_STANDARD = "gnu++14";
				CLANG_CXX_LIBRARY = "libc++";
				CLANG_ENABLE_MODULES = YES;
				CLANG_ENABLE_OBJC_ARC = YES;
				CLANG_ENABLE_OBJC_WEAK = YES;
				CLANG_WARN_BLOCK_CAPTURE_AUTORELEASING = YES;
				CLANG_WARN_BOOL_CONVERSION = YES;
				CLANG_WARN_COMMA = YES;
				CLANG_WARN_CONSTANT_CONVERSION = YES;
				CLANG_WARN_DEPRECATED_OBJC_IMPLEMENTATIONS = YES;
				CLANG_WARN_DIRECT_OBJC_ISA_USAGE = YES_ERROR;
				CLANG_WARN_DOCUMENTATION_COMMENTS = YES;
				CLANG_WARN_EMPTY_BODY = YES;
				CLANG_WARN_ENUM_CONVERSION = YES;
				CLANG_WARN_INFINITE_RECURSION = YES;
				CLANG_WARN_INT_CONVERSION = YES;
				CLANG_WARN_NON_LITERAL_NULL_CONVERSION = YES;
				CLANG_WARN_OBJC_IMPLICIT_RETAIN_SELF = YES;
				CLANG_WARN_OBJC_LITERAL_CONVERSION = YES;
				CLANG_WARN_OBJC_ROOT_CLASS = YES_ERROR;
				CLANG_WARN_RANGE_LOOP_ANALYSIS = YES;
				CLANG_WARN_STRICT_PROTOTYPES = YES;
				CLANG_WARN_SUSPICIOUS_MOVE = YES;
				CLANG_WARN_UNGUARDED_AVAILABILITY = YES_AGGRESSIVE;
				CLANG_WARN_UNREACHABLE_CODE = YES;
				CLANG_WARN__DUPLICATE_METHOD_MATCH = YES;
				CODE_SIGN_IDENTITY = "iPhone Developer";
				COPY_PHASE_STRIP = NO;
				DEBUG_INFORMATION_FORMAT = "dwarf-with-dsym";
				ENABLE_NS_ASSERTIONS = NO;
				ENABLE_STRICT_OBJC_MSGSEND = YES;
				GCC_C_LANGUAGE_STANDARD = gnu11;
				GCC_NO_COMMON_BLOCKS = YES;
				GCC_WARN_64_TO_32_BIT_CONVERSION = YES;
				GCC_WARN_ABOUT_RETURN_TYPE = YES_ERROR;
				GCC_WARN_UNDECLARED_SELECTOR = YES;
				GCC_WARN_UNINITIALIZED_AUTOS = YES_AGGRESSIVE;
				GCC_WARN_UNUSED_FUNCTION = YES;
				GCC_WARN_UNUSED_VARIABLE = YES;
				IPHONEOS_DEPLOYMENT_TARGET = 12.2;
				MTL_ENABLE_DEBUG_INFO = NO;
				MTL_FAST_MATH = YES;
				SDKROOT = iphoneos;
				SWIFT_COMPILATION_MODE = wholemodule;
				SWIFT_OPTIMIZATION_LEVEL = "-O";
				VALIDATE_PRODUCT = YES;
			};
			name = Release;
		};
		F2E59C0522A4CF8F005B9C3C /* Debug */ = {
			isa = XCBuildConfiguration;
			buildSettings = {
				ASSETCATALOG_COMPILER_APPICON_NAME = AppIcon;
				CODE_SIGN_STYLE = Automatic;
				DEVELOPMENT_TEAM = NQR666YK5T;
				INFOPLIST_FILE = fuckthepolice/Info.plist;
				LD_RUNPATH_SEARCH_PATHS = (
					"$(inherited)",
					"@executable_path/Frameworks",
				);
				PRODUCT_BUNDLE_IDENTIFIER = ee267.fuckthepolice;
				PRODUCT_NAME = "$(TARGET_NAME)";
				SWIFT_OBJC_BRIDGING_HEADER = fuckthepolice/ShaderTypes.h;
				SWIFT_VERSION = 5.0;
				TARGETED_DEVICE_FAMILY = "1,2";
			};
			name = Debug;
		};
		F2E59C0622A4CF8F005B9C3C /* Release */ = {
			isa = XCBuildConfiguration;
			buildSettings = {
				ASSETCATALOG_COMPILER_APPICON_NAME = AppIcon;
				CODE_SIGN_STYLE = Automatic;
				DEVELOPMENT_TEAM = NQR666YK5T;
				INFOPLIST_FILE = fuckthepolice/Info.plist;
				LD_RUNPATH_SEARCH_PATHS = (
					"$(inherited)",
					"@executable_path/Frameworks",
				);
				PRODUCT_BUNDLE_IDENTIFIER = ee267.fuckthepolice;
				PRODUCT_NAME = "$(TARGET_NAME)";
				SWIFT_OBJC_BRIDGING_HEADER = fuckthepolice/ShaderTypes.h;
				SWIFT_VERSION = 5.0;
				TARGETED_DEVICE_FAMILY = "1,2";
			};
			name = Release;
		};
		F2E59C0822A4CF8F005B9C3C /* Debug */ = {
			isa = XCBuildConfiguration;
			buildSettings = {
				ALWAYS_EMBED_SWIFT_STANDARD_LIBRARIES = YES;
				BUNDLE_LOADER = "$(TEST_HOST)";
				CODE_SIGN_STYLE = Automatic;
				DEVELOPMENT_TEAM = NQR666YK5T;
				INFOPLIST_FILE = fuckthepoliceTests/Info.plist;
				LD_RUNPATH_SEARCH_PATHS = (
					"$(inherited)",
					"@executable_path/Frameworks",
					"@loader_path/Frameworks",
				);
				PRODUCT_BUNDLE_IDENTIFIER = ee267.fuckthepoliceTests;
				PRODUCT_NAME = "$(TARGET_NAME)";
				SWIFT_VERSION = 5.0;
				TARGETED_DEVICE_FAMILY = "1,2";
				TEST_HOST = "$(BUILT_PRODUCTS_DIR)/fuckthepolice.app/fuckthepolice";
			};
			name = Debug;
		};
		F2E59C0922A4CF8F005B9C3C /* Release */ = {
			isa = XCBuildConfiguration;
			buildSettings = {
				ALWAYS_EMBED_SWIFT_STANDARD_LIBRARIES = YES;
				BUNDLE_LOADER = "$(TEST_HOST)";
				CODE_SIGN_STYLE = Automatic;
				DEVELOPMENT_TEAM = NQR666YK5T;
				INFOPLIST_FILE = fuckthepoliceTests/Info.plist;
				LD_RUNPATH_SEARCH_PATHS = (
					"$(inherited)",
					"@executable_path/Frameworks",
					"@loader_path/Frameworks",
				);
				PRODUCT_BUNDLE_IDENTIFIER = ee267.fuckthepoliceTests;
				PRODUCT_NAME = "$(TARGET_NAME)";
				SWIFT_VERSION = 5.0;
				TARGETED_DEVICE_FAMILY = "1,2";
				TEST_HOST = "$(BUILT_PRODUCTS_DIR)/fuckthepolice.app/fuckthepolice";
			};
			name = Release;
		};
/* End XCBuildConfiguration section */

/* Begin XCConfigurationList section */
		F2E59BDD22A4CF8E005B9C3C /* Build configuration list for PBXProject "fuckthepolice" */ = {
			isa = XCConfigurationList;
			buildConfigurations = (
				F2E59C0222A4CF8F005B9C3C /* Debug */,
				F2E59C0322A4CF8F005B9C3C /* Release */,
			);
			defaultConfigurationIsVisible = 0;
			defaultConfigurationName = Release;
		};
		F2E59C0422A4CF8F005B9C3C /* Build configuration list for PBXNativeTarget "fuckthepolice" */ = {
			isa = XCConfigurationList;
			buildConfigurations = (
				F2E59C0522A4CF8F005B9C3C /* Debug */,
				F2E59C0622A4CF8F005B9C3C /* Release */,
			);
			defaultConfigurationIsVisible = 0;
			defaultConfigurationName = Release;
		};
		F2E59C0722A4CF8F005B9C3C /* Build configuration list for PBXNativeTarget "fuckthepoliceTests" */ = {
			isa = XCConfigurationList;
			buildConfigurations = (
				F2E59C0822A4CF8F005B9C3C /* Debug */,
				F2E59C0922A4CF8F005B9C3C /* Release */,
			);
			defaultConfigurationIsVisible = 0;
			defaultConfigurationName = Release;
		};
/* End XCConfigurationList section */
	};
	rootObject = F2E59BDA22A4CF8E005B9C3C /* Project object */;
}
